Microsoft Visual Studio Solution File, Format Version 12.00
# Visual Studio Version 17
VisualStudioVersion = 17.0.31903.59
MinimumVisualStudioVersion = 10.0.40219.1
# Copyright © 2026 Khrustal & Mann
#              MELBOURNE, VICTORIA, AUSTRALIA, 3000
# Licensed under the Apache License, Version 2.0. See LICENSE for the full text.
Project("{8BC9CEB8-8B4A-11D0-8D11-00A0C91BC942}") = "AlexInteropCom", "AlexInterop\AlexInteropCom(2022).vcxproj", "{F7D53581-2C06-46D1-AEC3-7036437BC3B9}"
EndProject
Project("{8BC9CEB8-8B4A-11D0-8D11-00A0C91BC942}") = "AlexTestCom", "AlexTest\AlexTestCom(2022).vcxproj", "{D5A74FDB-ED71-4C60-8127-F9B90F3A5500}"
EndProject
Project("{8BC9CEB8-8B4A-11D0-8D11-00A0C91BC942}") = "Com232MeshTestCom", "Com232MeshTest\Com232MeshTestCom(2022).vcxproj", "{9E1EB703-5AE0-4D8F-9AE0-1C0C3BCC5C83}"
EndProject
Project("{8BC9CEB8-8B4A-11D0-8D11-00A0C91BC942}") = "DmxMeshTestCom", "DmxMeshTest\DmxMeshTestCom(2022).vcxproj", "{136EB967-7F12-4678-898A-FA6F47173490}"
EndProject
Project("{8BC9CEB8-8B4A-11D0-8D11-00A0C91BC942}") = "LocalInMemoryTestCom", "LocalInMemoryTest\LocalInMemoryTestCom(2022).vcxproj", "{2AC4C7F7-00F7-446F-B04E-FA612DA13B26}"
EndProject
Project("{8BC9CEB8-8B4A-11D0-8D11-00A0C91BC942}") = "PipeMeshTestCom", "PipeMeshTest\PipeMeshTestCom(2022).vcxproj", "{0AE4F732-C51B-40A6-89C9-5CBD79B0A7CD}"
EndProject
Project("{8BC9CEB8-8B4A-11D0-8D11-00A0C91BC942}") = "PipeMsgFactoryTestCom", "PipeMsgFactoryTest\PipeMsgFactoryTestCom(2022).vcxproj", "{CC6445C4-99A7-430B-B321-D4DCBF143E3E}"
EndProject
Project("{8BC9CEB8-8B4A-11D0-8D11-00A0C91BC942}") = "PipeMsgMapTestCom", "PipeMsgMapTest\PipeMsgMapTestCom(2022).vcxproj", "{A078B953-3B41-4358-95EA-E183515236DB}"
EndProject
Project("{8BC9CEB8-8B4A-11D0-8D11-00A0C91BC942}") = "RouteLoopbackTestCom", "RouteLoopbackTest\RouteLoopbackTestCom(2022).vcxproj", "{2B745615-8C72-4C16-B489-9591A9FAA359}"
EndProject
Project("{8BC9CEB8-8B4A-11D0-8D11-00A0C91BC942}") = "TwoConTestCom", "TwoConTest\TwoConTestCom(2022).vcxproj", "{27641094-098E-441F-8298-C46CDCEDE5CB}"
EndProject
Project("{8BC9CEB8-8B4A-11D0-8D11-00A0C91BC942}") = "WsaMeshTestCom", "WsaMeshTest\WsaMeshTestCom(2022).vcxproj", "{1B0F5C7A-9E44-4D31-8A62-5C3E0D7F1A24}"
EndProject
Global
	GlobalSection(SolutionConfigurationPlatforms) = preSolution
		Debug|x64 = Debug|x64
		Release|x64 = Release|x64
	EndGlobalSection
	GlobalSection(ProjectConfigurationPlatforms) = postSolution
		{F7D53581-2C06-46D1-AEC3-7036437BC3B9}.Debug|x64.ActiveCfg = Debug|x64
		{F7D53581-2C06-46D1-AEC3-7036437BC3B9}.Debug|x64.Build.0 = Debug|x64
		{F7D53581-2C06-46D1-AEC3-7036437BC3B9}.Release|x64.ActiveCfg = Release|x64
		{F7D53581-2C06-46D1-AEC3-7036437BC3B9}.Release|x64.Build.0 = Release|x64
		{D5A74FDB-ED71-4C60-8127-F9B90F3A5500}.Debug|x64.ActiveCfg = Debug|x64
		{D5A74FDB-ED71-4C60-8127-F9B90F3A5500}.Debug|x64.Build.0 = Debug|x64
		{D5A74FDB-ED71-4C60-8127-F9B90F3A5500}.Release|x64.ActiveCfg = Release|x64
		{D5A74FDB-ED71-4C60-8127-F9B90F3A5500}.Release|x64.Build.0 = Release|x64
		{9E1EB703-5AE0-4D8F-9AE0-1C0C3BCC5C83}.Debug|x64.ActiveCfg = Debug|x64
		{9E1EB703-5AE0-4D8F-9AE0-1C0C3BCC5C83}.Debug|x64.Build.0 = Debug|x64
		{9E1EB703-5AE0-4D8F-9AE0-1C0C3BCC5C83}.Release|x64.ActiveCfg = Release|x64
		{9E1EB703-5AE0-4D8F-9AE0-1C0C3BCC5C83}.Release|x64.Build.0 = Release|x64
		{136EB967-7F12-4678-898A-FA6F47173490}.Debug|x64.ActiveCfg = Debug|x64
		{136EB967-7F12-4678-898A-FA6F47173490}.Debug|x64.Build.0 = Debug|x64
		{136EB967-7F12-4678-898A-FA6F47173490}.Release|x64.ActiveCfg = Release|x64
		{136EB967-7F12-4678-898A-FA6F47173490}.Release|x64.Build.0 = Release|x64
		{2AC4C7F7-00F7-446F-B04E-FA612DA13B26}.Debug|x64.ActiveCfg = Debug|x64
		{2AC4C7F7-00F7-446F-B04E-FA612DA13B26}.Debug|x64.Build.0 = Debug|x64
		{2AC4C7F7-00F7-446F-B04E-FA612DA13B26}.Release|x64.ActiveCfg = Release|x64
		{2AC4C7F7-00F7-446F-B04E-FA612DA13B26}.Release|x64.Build.0 = Release|x64
		{0AE4F732-C51B-40A6-89C9-5CBD79B0A7CD}.Debug|x64.ActiveCfg = Debug|x64
		{0AE4F732-C51B-40A6-89C9-5CBD79B0A7CD}.Debug|x64.Build.0 = Debug|x64
		{0AE4F732-C51B-40A6-89C9-5CBD79B0A7CD}.Release|x64.ActiveCfg = Release|x64
		{0AE4F732-C51B-40A6-89C9-5CBD79B0A7CD}.Release|x64.Build.0 = Release|x64
		{CC6445C4-99A7-430B-B321-D4DCBF143E3E}.Debug|x64.ActiveCfg = Debug|x64
		{CC6445C4-99A7-430B-B321-D4DCBF143E3E}.Debug|x64.Build.0 = Debug|x64
		{CC6445C4-99A7-430B-B321-D4DCBF143E3E}.Release|x64.ActiveCfg = Release|x64
		{CC6445C4-99A7-430B-B321-D4DCBF143E3E}.Release|x64.Build.0 = Release|x64
		{A078B953-3B41-4358-95EA-E183515236DB}.Debug|x64.ActiveCfg = Debug|x64
		{A078B953-3B41-4358-95EA-E183515236DB}.Debug|x64.Build.0 = Debug|x64
		{A078B953-3B41-4358-95EA-E183515236DB}.Release|x64.ActiveCfg = Release|x64
		{A078B953-3B41-4358-95EA-E183515236DB}.Release|x64.Build.0 = Release|x64
		{2B745615-8C72-4C16-B489-9591A9FAA359}.Debug|x64.ActiveCfg = Debug|x64
		{2B745615-8C72-4C16-B489-9591A9FAA359}.Debug|x64.Build.0 = Debug|x64
		{2B745615-8C72-4C16-B489-9591A9FAA359}.Release|x64.ActiveCfg = Release|x64
		{2B745615-8C72-4C16-B489-9591A9FAA359}.Release|x64.Build.0 = Release|x64
		{27641094-098E-441F-8298-C46CDCEDE5CB}.Debug|x64.ActiveCfg = Debug|x64
		{27641094-098E-441F-8298-C46CDCEDE5CB}.Debug|x64.Build.0 = Debug|x64
		{27641094-098E-441F-8298-C46CDCEDE5CB}.Release|x64.ActiveCfg = Release|x64
		{27641094-098E-441F-8298-C46CDCEDE5CB}.Release|x64.Build.0 = Release|x64
		{1B0F5C7A-9E44-4D31-8A62-5C3E0D7F1A24}.Debug|x64.ActiveCfg = Debug|x64
		{1B0F5C7A-9E44-4D31-8A62-5C3E0D7F1A24}.Debug|x64.Build.0 = Debug|x64
		{1B0F5C7A-9E44-4D31-8A62-5C3E0D7F1A24}.Release|x64.ActiveCfg = Release|x64
		{1B0F5C7A-9E44-4D31-8A62-5C3E0D7F1A24}.Release|x64.Build.0 = Release|x64
	EndGlobalSection
	GlobalSection(SolutionProperties) = preSolution
		HideSolutionNode = FALSE
	EndGlobalSection
EndGlobal
